PODS:
  - AgoraRtcEngine_iOS (3.7.2):
    - AgoraRtcEngine_iOS/AINS (= 3.7.2)
    - AgoraRtcEngine_iOS/AV1Dec (= 3.7.2)
    - AgoraRtcEngine_iOS/ContentInspect (= 3.7.2)
    - AgoraRtcEngine_iOS/FullAudioFormat (= 3.7.2)
    - AgoraRtcEngine_iOS/ReplayKit (= 3.7.2)
    - AgoraRtcEngine_iOS/ROIEnc (= 3.7.2)
    - AgoraRtcEngine_iOS/RtcBasic (= 3.7.2)
    - AgoraRtcEngine_iOS/SpatialAudio (= 3.7.2)
    - AgoraRtcEngine_iOS/SuperResolution (= 3.7.2)
    - AgoraRtcEngine_iOS/VideoPreprocess (= 3.7.2)
    - AgoraRtcEngine_iOS/VirtualBackground (= 3.7.2)
  - AgoraRtcEngine_iOS/AINS (3.7.2)
  - AgoraRtcEngine_iOS/AV1Dec (3.7.2)
  - AgoraRtcEngine_iOS/ContentInspect (3.7.2)
  - AgoraRtcEngine_iOS/FullAudioFormat (3.7.2)
  - AgoraRtcEngine_iOS/ReplayKit (3.7.2)
  - AgoraRtcEngine_iOS/ROIEnc (3.7.2)
  - AgoraRtcEngine_iOS/RtcBasic (3.7.2)
  - AgoraRtcEngine_iOS/SpatialAudio (3.7.2)
  - AgoraRtcEngine_iOS/SuperResolution (3.7.2)
  - AgoraRtcEngine_iOS/VideoPreprocess (3.7.2)
  - AgoraRtcEngine_iOS/VirtualBackground (3.7.2)
  - NTLBridge (4.0.0)
  - SnapKit (5.7.1)
  - White_YYModel (1.0.6)
  - Whiteboard (2.16.115):
    - Whiteboard/Whiteboard-Basic (= 2.16.115)
  - Whiteboard/Resource (2.16.115)
  - Whiteboard/Whiteboard-Basic (2.16.115):
    - NTLBridge (~> 4.0.0)
    - White_YYModel
    - Whiteboard/Resource
  - Zip (2.1.2)

DEPENDENCIES:
  - AgoraRtcEngine_iOS (= 3.7.2)
  - SnapKit
  - Whiteboard (from `https://github.com/netless-io/Whiteboard-iOS`, tag `2.16.115`)
  - Zip

SPEC REPOS:
  trunk:
    - AgoraRtcEngine_iOS
    - NTLBridge
    - SnapKit
    - White_YYModel
    - Zip

EXTERNAL SOURCES:
  Whiteboard:
    :git: https://github.com/netless-io/Whiteboard-iOS
    :tag: 2.16.115

CHECKOUT OPTIONS:
  Whiteboard:
    :git: https://github.com/netless-io/Whiteboard-iOS
    :tag: 2.16.115

SPEC CHECKSUMS:
  AgoraRtcEngine_iOS: 35387cd8e2131e1e3c3ac6c196818072ad0b9b75
  NTLBridge: b90c5bd836f221ee9eee0ea04518f50882b2d6d9
  SnapKit: d612e99e678a2d3b95bf60b0705ed0a35c03484a
  White_YYModel: 4ed7b231471784ec709d4db954e1ca61a4fbe54d
  Whiteboard: e46c41f36bd7df2e9626c01a847d853c59c05553
  Zip: b3fef584b147b6e582b2256a9815c897d60ddc67

PODFILE CHECKSUM: 2d7b4a356a0d27ce9de095e0e86b6f0d971815ac

COCOAPODS: 1.16.2
