PODS:
  - AgoraRtcEngine_Special_iOS (3.7.2.133)
  - NTLBridge (3.1.6)
  - White_YYModel (1.0.6)
  - Whiteboard (2.16.102):
    - Whiteboard/Whiteboard-Basic (= 2.16.102)
  - Whiteboard/Resource (2.16.102)
  - Whiteboard/Whiteboard-Basic (2.16.102):
    - NTLBridge (~> 3.1.4)
    - White_YYModel
    - Whiteboard/Resource
  - Zip (2.1.2)

DEPENDENCIES:
  - AgoraRtcEngine_Special_iOS (= 3.7.2.133)
  - Whiteboard (from `/Users/xuyunshi/Desktop/Whiteboard/Whiteboard-iOS`)
  - Zip

SPEC REPOS:
  trunk:
    - AgoraRtcEngine_Special_iOS
    - NTLBridge
    - White_YYModel
    - Zip

EXTERNAL SOURCES:
  Whiteboard:
    :path: "/Users/xuyunshi/Desktop/Whiteboard/Whiteboard-iOS"

SPEC CHECKSUMS:
  AgoraRtcEngine_Special_iOS: 869cb72835f1a5a712699b29fa040f66787a01b3
  NTLBridge: 6ef7f3c1fc956f2e2d701a89828d51674bd479c7
  White_YYModel: 4ed7b231471784ec709d4db954e1ca61a4fbe54d
  Whiteboard: caf7531e24fc900e81fdd3a755202eb12ae177bc
  Zip: b3fef584b147b6e582b2256a9815c897d60ddc67

PODFILE CHECKSUM: 7fe1ccf378db3a0209e9b618720dbcfb0fa32ff7

COCOAPODS: 1.13.0
