// !$*UTF8*$!
{
	archiveVersion = 1;
	classes = {
	};
	objectVersion = 56;
	objects = {

/* Begin PBXBuildFile section */
		3A24E45C1D88D83650003B54 /* Pods_WhiteboardRTCDemo.framework in Frameworks */ = {isa = PBXBuildFile; fileRef = B1131F6C980946D95F9ED72C /* Pods_WhiteboardRTCDemo.framework */; };
		8A0F27CE2CA1459600160EBE /* AgoraPcmSourcePush.swift in Sources */ = {isa = PBXBuildFile; fileRef = 8A0F27CD2CA1459600160EBE /* AgoraPcmSourcePush.swift */; };
		8A0F28302CA555E800160EBE /* SafeQueue.swift in Sources */ = {isa = PBXBuildFile; fileRef = 8A0F282F2CA555E800160EBE /* SafeQueue.swift */; };
		8A5BA4ED2B6C976700D531E9 /* WhiteboardRTCDemoApp.swift in Sources */ = {isa = PBXBuildFile; fileRef = 8A5BA4EC2B6C976700D531E9 /* WhiteboardRTCDemoApp.swift */; };
		8A5BA4EF2B6C976700D531E9 /* ContentView.swift in Sources */ = {isa = PBXBuildFile; fileRef = 8A5BA4EE2B6C976700D531E9 /* ContentView.swift */; };
		8A5BA4F12B6C976800D531E9 /* Assets.xcassets in Resources */ = {isa = PBXBuildFile; fileRef = 8A5BA4F02B6C976800D531E9 /* Assets.xcassets */; };
		8A5BA4F42B6C976800D531E9 /* Preview Assets.xcassets in Resources */ = {isa = PBXBuildFile; fileRef = 8A5BA4F32B6C976800D531E9 /* Preview Assets.xcassets */; };
		8A5BA4FB2B6CD0FD00D531E9 /* MainStageViewController.swift in Sources */ = {isa = PBXBuildFile; fileRef = 8A5BA4FA2B6CD0FD00D531E9 /* MainStageViewController.swift */; };
/* End PBXBuildFile section */

/* Begin PBXFileReference section */
		1ED8E3E7FFCFD468D530B658 /* Pods-WhiteboardRTCDemo.release.xcconfig */ = {isa = PBXFileReference; includeInIndex = 1; lastKnownFileType = text.xcconfig; name = "Pods-WhiteboardRTCDemo.release.xcconfig"; path = "Target Support Files/Pods-WhiteboardRTCDemo/Pods-WhiteboardRTCDemo.release.xcconfig"; sourceTree = "<group>"; };
		8A0F27CD2CA1459600160EBE /* AgoraPcmSourcePush.swift */ = {isa = PBXFileReference; fileEncoding = 4; lastKnownFileType = sourcecode.swift; path = AgoraPcmSourcePush.swift; sourceTree = "<group>"; };
		8A0F282F2CA555E800160EBE /* SafeQueue.swift */ = {isa = PBXFileReference; lastKnownFileType = sourcecode.swift; path = SafeQueue.swift; sourceTree = "<group>"; };
		8A5BA4E92B6C976700D531E9 /* WhiteboardRTCDemo.app */ = {isa = PBXFileReference; explicitFileType = wrapper.application; includeInIndex = 0; path = WhiteboardRTCDemo.app; sourceTree = BUILT_PRODUCTS_DIR; };
		8A5BA4EC2B6C976700D531E9 /* WhiteboardRTCDemoApp.swift */ = {isa = PBXFileReference; lastKnownFileType = sourcecode.swift; path = WhiteboardRTCDemoApp.swift; sourceTree = "<group>"; };
		8A5BA4EE2B6C976700D531E9 /* ContentView.swift */ = {isa = PBXFileReference; lastKnownFileType = sourcecode.swift; path = ContentView.swift; sourceTree = "<group>"; };
		8A5BA4F02B6C976800D531E9 /* Assets.xcassets */ = {isa = PBXFileReference; lastKnownFileType = folder.assetcatalog; path = Assets.xcassets; sourceTree = "<group>"; };
		8A5BA4F32B6C976800D531E9 /* Preview Assets.xcassets */ = {isa = PBXFileReference; lastKnownFileType = folder.assetcatalog; path = "Preview Assets.xcassets"; sourceTree = "<group>"; };
		8A5BA4FA2B6CD0FD00D531E9 /* MainStageViewController.swift */ = {isa = PBXFileReference; fileEncoding = 4; lastKnownFileType = sourcecode.swift; path = MainStageViewController.swift; sourceTree = "<group>"; };
		ADFB244782E968128D20C7E1 /* Pods-WhiteboardRTCDemo.debug.xcconfig */ = {isa = PBXFileReference; includeInIndex = 1; lastKnownFileType = text.xcconfig; name = "Pods-WhiteboardRTCDemo.debug.xcconfig"; path = "Target Support Files/Pods-WhiteboardRTCDemo/Pods-WhiteboardRTCDemo.debug.xcconfig"; sourceTree = "<group>"; };
		B1131F6C980946D95F9ED72C /* Pods_WhiteboardRTCDemo.framework */ = {isa = PBXFileReference; explicitFileType = wrapper.framework; includeInIndex = 0; path = Pods_WhiteboardRTCDemo.framework; sourceTree = BUILT_PRODUCTS_DIR; };
/* End PBXFileReference section */

/* Begin PBXFrameworksBuildPhase section */
		8A5BA4E62B6C976700D531E9 /* Frameworks */ = {
			isa = PBXFrameworksBuildPhase;
			buildActionMask = 2147483647;
			files = (
				3A24E45C1D88D83650003B54 /* Pods_WhiteboardRTCDemo.framework in Frameworks */,
			);
			runOnlyForDeploymentPostprocessing = 0;
		};
/* End PBXFrameworksBuildPhase section */

/* Begin PBXGroup section */
		453CBD561EE7A1186D0EB3E9 /* Pods */ = {
			isa = PBXGroup;
			children = (
				ADFB244782E968128D20C7E1 /* Pods-WhiteboardRTCDemo.debug.xcconfig */,
				1ED8E3E7FFCFD468D530B658 /* Pods-WhiteboardRTCDemo.release.xcconfig */,
			);
			path = Pods;
			sourceTree = "<group>";
		};
		8A5BA4E02B6C976700D531E9 = {
			isa = PBXGroup;
			children = (
				8A5BA4EB2B6C976700D531E9 /* WhiteboardRTCDemo */,
				8A5BA4EA2B6C976700D531E9 /* Products */,
				453CBD561EE7A1186D0EB3E9 /* Pods */,
				F4C64DCE6DE4700659F2EEC4 /* Frameworks */,
			);
			sourceTree = "<group>";
		};
		8A5BA4EA2B6C976700D531E9 /* Products */ = {
			isa = PBXGroup;
			children = (
				8A5BA4E92B6C976700D531E9 /* WhiteboardRTCDemo.app */,
			);
			name = Products;
			sourceTree = "<group>";
		};
		8A5BA4EB2B6C976700D531E9 /* WhiteboardRTCDemo */ = {
			isa = PBXGroup;
			children = (
				8A5BA4EC2B6C976700D531E9 /* WhiteboardRTCDemoApp.swift */,
				8A5BA4FA2B6CD0FD00D531E9 /* MainStageViewController.swift */,
				8A0F282F2CA555E800160EBE /* SafeQueue.swift */,
				8A0F27CD2CA1459600160EBE /* AgoraPcmSourcePush.swift */,
				8AE235882C6DDEAE00BDAFA1 /* libs */,
				8A5BA4EE2B6C976700D531E9 /* ContentView.swift */,
				8A5BA4F02B6C976800D531E9 /* Assets.xcassets */,
				8A5BA4F22B6C976800D531E9 /* Preview Content */,
			);
			path = WhiteboardRTCDemo;
			sourceTree = "<group>";
		};
		8A5BA4F22B6C976800D531E9 /* Preview Content */ = {
			isa = PBXGroup;
			children = (
				8A5BA4F32B6C976800D531E9 /* Preview Assets.xcassets */,
			);
			path = "Preview Content";
			sourceTree = "<group>";
		};
		F4C64DCE6DE4700659F2EEC4 /* Frameworks */ = {
			isa = PBXGroup;
			children = (
				B1131F6C980946D95F9ED72C /* Pods_WhiteboardRTCDemo.framework */,
			);
			name = Frameworks;
			sourceTree = "<group>";
		};
/* End PBXGroup section */

/* Begin PBXNativeTarget section */
		8A5BA4E82B6C976700D531E9 /* WhiteboardRTCDemo */ = {
			isa = PBXNativeTarget;
			buildConfigurationList = 8A5BA4F72B6C976800D531E9 /* Build configuration list for PBXNativeTarget "WhiteboardRTCDemo" */;
			buildPhases = (
				FDDCAA639C05000DF7134012 /* [CP] Check Pods Manifest.lock */,
				8A5BA4E52B6C976700D531E9 /* Sources */,
				8A5BA4E62B6C976700D531E9 /* Frameworks */,
				8A5BA4E72B6C976700D531E9 /* Resources */,
				DE5622EA93C84DB2A61D8073 /* [CP] Embed Pods Frameworks */,
			);
			buildRules = (
			);
			dependencies = (
			);
			name = WhiteboardRTCDemo;
			productName = WhiteboardRTCDemo;
			productReference = 8A5BA4E92B6C976700D531E9 /* WhiteboardRTCDemo.app */;
			productType = "com.apple.product-type.application";
		};
/* End PBXNativeTarget section */

/* Begin PBXProject section */
		8A5BA4E12B6C976700D531E9 /* Project object */ = {
			isa = PBXProject;
			attributes = {
				BuildIndependentTargetsInParallel = 1;
				LastSwiftUpdateCheck = 1510;
				LastUpgradeCheck = 1510;
				TargetAttributes = {
					8A5BA4E82B6C976700D531E9 = {
						CreatedOnToolsVersion = 15.1;
					};
				};
			};
			buildConfigurationList = 8A5BA4E42B6C976700D531E9 /* Build configuration list for PBXProject "WhiteboardRTCDemo" */;
			compatibilityVersion = "Xcode 14.0";
			developmentRegion = en;
			hasScannedForEncodings = 0;
			knownRegions = (
				en,
				Base,
			);
			mainGroup = 8A5BA4E02B6C976700D531E9;
			productRefGroup = 8A5BA4EA2B6C976700D531E9 /* Products */;
			projectDirPath = "";
			projectRoot = "";
			targets = (
				8A5BA4E82B6C976700D531E9 /* WhiteboardRTCDemo */,
			);
		};
/* End PBXProject section */

/* Begin PBXResourcesBuildPhase section */
		8A5BA4E72B6C976700D531E9 /* Resources */ = {
			isa = PBXResourcesBuildPhase;
			buildActionMask = 2147483647;
			files = (
				8A5BA4F42B6C976800D531E9 /* Preview Assets.xcassets in Resources */,
				8A5BA4F12B6C976800D531E9 /* Assets.xcassets in Resources */,
			);
			runOnlyForDeploymentPostprocessing = 0;
		};
/* End PBXResourcesBuildPhase section */

/* Begin PBXShellScriptBuildPhase section */
		DE5622EA93C84DB2A61D8073 /* [CP] Embed Pods Frameworks */ = {
			isa = PBXShellScriptBuildPhase;
			buildActionMask = 2147483647;
			files = (
			);
			inputFileListPaths = (
				"${PODS_ROOT}/Target Support Files/Pods-WhiteboardRTCDemo/Pods-WhiteboardRTCDemo-frameworks-${CONFIGURATION}-input-files.xcfilelist",
			);
			name = "[CP] Embed Pods Frameworks";
			outputFileListPaths = (
				"${PODS_ROOT}/Target Support Files/Pods-WhiteboardRTCDemo/Pods-WhiteboardRTCDemo-frameworks-${CONFIGURATION}-output-files.xcfilelist",
			);
			runOnlyForDeploymentPostprocessing = 0;
			shellPath = /bin/sh;
			shellScript = "\"${PODS_ROOT}/Target Support Files/Pods-WhiteboardRTCDemo/Pods-WhiteboardRTCDemo-frameworks.sh\"\n";
			showEnvVarsInLog = 0;
		};
		FDDCAA639C05000DF7134012 /* [CP] Check Pods Manifest.lock */ = {
			isa = PBXShellScriptBuildPhase;
			buildActionMask = 2147483647;
			files = (
			);
			inputFileListPaths = (
			);
			inputPaths = (
				"${PODS_PODFILE_DIR_PATH}/Podfile.lock",
				"${PODS_ROOT}/Manifest.lock",
			);
			name = "[CP] Check Pods Manifest.lock";
			outputFileListPaths = (
			);
			outputPaths = (
				"$(DERIVED_FILE_DIR)/Pods-WhiteboardRTCDemo-checkManifestLockResult.txt",
			);
			runOnlyForDeploymentPostprocessing = 0;
			shellPath = /bin/sh;
			shellScript = "diff \"${PODS_PODFILE_DIR_PATH}/Podfile.lock\" \"${PODS_ROOT}/Manifest.lock\" > /dev/null\nif [ $? != 0 ] ; then\n    # print error to STDERR\n    echo \"error: The sandbox is not in sync with the Podfile.lock. Run 'pod install' or update your CocoaPods installation.\" >&2\n    exit 1\nfi\n# This output is used by Xcode 'outputs' to avoid re-running this script phase.\necho \"SUCCESS\" > \"${SCRIPT_OUTPUT_FILE_0}\"\n";
			showEnvVarsInLog = 0;
		};
/* End PBXShellScriptBuildPhase section */

/* Begin PBXSourcesBuildPhase section */
		8A5BA4E52B6C976700D531E9 /* Sources */ = {
			isa = PBXSourcesBuildPhase;
			buildActionMask = 2147483647;
			files = (
				8A5BA4EF2B6C976700D531E9 /* ContentView.swift in Sources */,
				8A5BA4ED2B6C976700D531E9 /* WhiteboardRTCDemoApp.swift in Sources */,
				8A0F27CE2CA1459600160EBE /* AgoraPcmSourcePush.swift in Sources */,
				8A0F28302CA555E800160EBE /* SafeQueue.swift in Sources */,
				8A5BA4FB2B6CD0FD00D531E9 /* MainStageViewController.swift in Sources */,
			);
			runOnlyForDeploymentPostprocessing = 0;
		};
/* End PBXSourcesBuildPhase section */

/* Begin XCBuildConfiguration section */
		8A5BA4F52B6C976800D531E9 /* Debug */ = {
			isa = XCBuildConfiguration;
			buildSettings = {
				ALWAYS_SEARCH_USER_PATHS = NO;
				ASSETCATALOG_COMPILER_GENERATE_SWIFT_ASSET_SYMBOL_EXTENSIONS = YES;
				CLANG_ANALYZER_NONNULL = YES;
				CLANG_ANALYZER_NUMBER_OBJECT_CONVERSION = YES_AGGRESSIVE;
				CLANG_CXX_LANGUAGE_STANDARD = "gnu++20";
				CLANG_ENABLE_MODULES = YES;
				CLANG_ENABLE_OBJC_ARC = YES;
				CLANG_ENABLE_OBJC_WEAK = YES;
				CLANG_WARN_BLOCK_CAPTURE_AUTORELEASING = YES;
				CLANG_WARN_BOOL_CONVERSION = YES;
				CLANG_WARN_COMMA = YES;
				CLANG_WARN_CONSTANT_CONVERSION = YES;
				CLANG_WARN_DEPRECATED_OBJC_IMPLEMENTATIONS = YES;
				CLANG_WARN_DIRECT_OBJC_ISA_USAGE = YES_ERROR;
				CLANG_WARN_DOCUMENTATION_COMMENTS = YES;
				CLANG_WARN_EMPTY_BODY = YES;
				CLANG_WARN_ENUM_CONVERSION = YES;
				CLANG_WARN_INFINITE_RECURSION = YES;
				CLANG_WARN_INT_CONVERSION = YES;
				CLANG_WARN_NON_LITERAL_NULL_CONVERSION = YES;
				CLANG_WARN_OBJC_IMPLICIT_RETAIN_SELF = YES;
				CLANG_WARN_OBJC_LITERAL_CONVERSION = YES;
				CLANG_WARN_OBJC_ROOT_CLASS = YES_ERROR;
				CLANG_WARN_QUOTED_INCLUDE_IN_FRAMEWORK_HEADER = YES;
				CLANG_WARN_RANGE_LOOP_ANALYSIS = YES;
				CLANG_WARN_STRICT_PROTOTYPES = YES;
				CLANG_WARN_SUSPICIOUS_MOVE = YES;
				CLANG_WARN_UNGUARDED_AVAILABILITY = YES_AGGRESSIVE;
				CLANG_WARN_UNREACHABLE_CODE = YES;
				CLANG_WARN__DUPLICATE_METHOD_MATCH = YES;
				COPY_PHASE_STRIP = NO;
				DEBUG_INFORMATION_FORMAT = dwarf;
				ENABLE_STRICT_OBJC_MSGSEND = YES;
				ENABLE_TESTABILITY = YES;
				ENABLE_USER_SCRIPT_SANDBOXING = YES;
				GCC_C_LANGUAGE_STANDARD = gnu17;
				GCC_DYNAMIC_NO_PIC = NO;
				GCC_NO_COMMON_BLOCKS = YES;
				GCC_OPTIMIZATION_LEVEL = 0;
				GCC_PREPROCESSOR_DEFINITIONS = (
					"DEBUG=1",
					"$(inherited)",
				);
				GCC_WARN_64_TO_32_BIT_CONVERSION = YES;
				GCC_WARN_ABOUT_RETURN_TYPE = YES_ERROR;
				GCC_WARN_UNDECLARED_SELECTOR = YES;
				GCC_WARN_UNINITIALIZED_AUTOS = YES_AGGRESSIVE;
				GCC_WARN_UNUSED_FUNCTION = YES;
				GCC_WARN_UNUSED_VARIABLE = YES;
				IPHONEOS_DEPLOYMENT_TARGET = 14.0;
				LOCALIZATION_PREFERS_STRING_CATALOGS = YES;
				MTL_ENABLE_DEBUG_INFO = INCLUDE_SOURCE;
				MTL_FAST_MATH = YES;
				ONLY_ACTIVE_ARCH = YES;
				SDKROOT = iphoneos;
				SWIFT_ACTIVE_COMPILATION_CONDITIONS = "DEBUG $(inherited)";
				SWIFT_OPTIMIZATION_LEVEL = "-Onone";
			};
			name = Debug;
		};
		8A5BA4F62B6C976800D531E9 /* Release */ = {
			isa = XCBuildConfiguration;
			buildSettings = {
				ALWAYS_SEARCH_USER_PATHS = NO;
				ASSETCATALOG_COMPILER_GENERATE_SWIFT_ASSET_SYMBOL_EXTENSIONS = YES;
				CLANG_ANALYZER_NONNULL = YES;
				CLANG_ANALYZER_NUMBER_OBJECT_CONVERSION = YES_AGGRESSIVE;
				CLANG_CXX_LANGUAGE_STANDARD = "gnu++20";
				CLANG_ENABLE_MODULES = YES;
				CLANG_ENABLE_OBJC_ARC = YES;
				CLANG_ENABLE_OBJC_WEAK = YES;
				CLANG_WARN_BLOCK_CAPTURE_AUTORELEASING = YES;
				CLANG_WARN_BOOL_CONVERSION = YES;
				CLANG_WARN_COMMA = YES;
				CLANG_WARN_CONSTANT_CONVERSION = YES;
				CLANG_WARN_DEPRECATED_OBJC_IMPLEMENTATIONS = YES;
				CLANG_WARN_DIRECT_OBJC_ISA_USAGE = YES_ERROR;
				CLANG_WARN_DOCUMENTATION_COMMENTS = YES;
				CLANG_WARN_EMPTY_BODY = YES;
				CLANG_WARN_ENUM_CONVERSION = YES;
				CLANG_WARN_INFINITE_RECURSION = YES;
				CLANG_WARN_INT_CONVERSION = YES;
				CLANG_WARN_NON_LITERAL_NULL_CONVERSION = YES;
				CLANG_WARN_OBJC_IMPLICIT_RETAIN_SELF = YES;
				CLANG_WARN_OBJC_LITERAL_CONVERSION = YES;
				CLANG_WARN_OBJC_ROOT_CLASS = YES_ERROR;
				CLANG_WARN_QUOTED_INCLUDE_IN_FRAMEWORK_HEADER = YES;
				CLANG_WARN_RANGE_LOOP_ANALYSIS = YES;
				CLANG_WARN_STRICT_PROTOTYPES = YES;
				CLANG_WARN_SUSPICIOUS_MOVE = YES;
				CLANG_WARN_UNGUARDED_AVAILABILITY = YES_AGGRESSIVE;
				CLANG_WARN_UNREACHABLE_CODE = YES;
				CLANG_WARN__DUPLICATE_METHOD_MATCH = YES;
				COPY_PHASE_STRIP = NO;
				DEBUG_INFORMATION_FORMAT = "dwarf-with-dsym";
				ENABLE_NS_ASSERTIONS = NO;
				ENABLE_STRICT_OBJC_MSGSEND = YES;
				ENABLE_USER_SCRIPT_SANDBOXING = YES;
				GCC_C_LANGUAGE_STANDARD = gnu17;
				GCC_NO_COMMON_BLOCKS = YES;
				GCC_WARN_64_TO_32_BIT_CONVERSION = YES;
				GCC_WARN_ABOUT_RETURN_TYPE = YES_ERROR;
				GCC_WARN_UNDECLARED_SELECTOR = YES;
				GCC_WARN_UNINITIALIZED_AUTOS = YES_AGGRESSIVE;
				GCC_WARN_UNUSED_FUNCTION = YES;
				GCC_WARN_UNUSED_VARIABLE = YES;
				IPHONEOS_DEPLOYMENT_TARGET = 14.0;
				LOCALIZATION_PREFERS_STRING_CATALOGS = YES;
				MTL_ENABLE_DEBUG_INFO = NO;
				MTL_FAST_MATH = YES;
				SDKROOT = iphoneos;
				SWIFT_COMPILATION_MODE = wholemodule;
				VALIDATE_PRODUCT = YES;
			};
			name = Release;
		};
		8A5BA4F82B6C976800D531E9 /* Debug */ = {
			isa = XCBuildConfiguration;
			baseConfigurationReference = ADFB244782E968128D20C7E1 /* Pods-WhiteboardRTCDemo.debug.xcconfig */;
			buildSettings = {
				ASSETCATALOG_COMPILER_APPICON_NAME = AppIcon;
				ASSETCATALOG_COMPILER_GLOBAL_ACCENT_COLOR_NAME = AccentColor;
				CODE_SIGN_STYLE = Automatic;
				CURRENT_PROJECT_VERSION = 1;
				DEVELOPMENT_ASSET_PATHS = "\"WhiteboardRTCDemo/Preview Content\"";
				DEVELOPMENT_TEAM = L922897LKX;
				ENABLE_PREVIEWS = YES;
				ENABLE_USER_SCRIPT_SANDBOXING = NO;
				GENERATE_INFOPLIST_FILE = YES;
				INFOPLIST_KEY_CFBundleDisplayName = "白板混音测试";
				INFOPLIST_KEY_NSCameraUsageDescription = sdfsdf;
				INFOPLIST_KEY_NSMicrophoneUsageDescription = sdfsdf;
				INFOPLIST_KEY_UIApplicationSceneManifest_Generation = YES;
				INFOPLIST_KEY_UIApplicationSupportsIndirectInputEvents = YES;
				INFOPLIST_KEY_UILaunchScreen_Generation = YES;
				INFOPLIST_KEY_UISupportedInterfaceOrientations_iPad = "UIInterfaceOrientationPortrait UIInterfaceOrientationPortraitUpsideDown UIInterfaceOrientationLandscapeLeft UIInterfaceOrientationLandscapeRight";
				INFOPLIST_KEY_UISupportedInterfaceOrientations_iPhone = "UIInterfaceOrientationPortrait UIInterfaceOrientationLandscapeLeft UIInterfaceOrientationLandscapeRight";
				IPHONEOS_DEPLOYMENT_TARGET = 14.0;
				LD_RUNPATH_SEARCH_PATHS = (
					"$(inherited)",
					"@executable_path/Frameworks",
				);
				MARKETING_VERSION = 1.0;
				PRODUCT_BUNDLE_IDENTIFIER = "-.WhiteboardRTCDemo";
				PRODUCT_NAME = "$(TARGET_NAME)";
				SWIFT_EMIT_LOC_STRINGS = YES;
				SWIFT_VERSION = 5.0;
				TARGETED_DEVICE_FAMILY = "1,2";
			};
			name = Debug;
		};
		8A5BA4F92B6C976800D531E9 /* Release */ = {
			isa = XCBuildConfiguration;
			baseConfigurationReference = 1ED8E3E7FFCFD468D530B658 /* Pods-WhiteboardRTCDemo.release.xcconfig */;
			buildSettings = {
				ASSETCATALOG_COMPILER_APPICON_NAME = AppIcon;
				ASSETCATALOG_COMPILER_GLOBAL_ACCENT_COLOR_NAME = AccentColor;
				CODE_SIGN_STYLE = Automatic;
				CURRENT_PROJECT_VERSION = 1;
				DEVELOPMENT_ASSET_PATHS = "\"WhiteboardRTCDemo/Preview Content\"";
				DEVELOPMENT_TEAM = L922897LKX;
				ENABLE_PREVIEWS = YES;
				ENABLE_USER_SCRIPT_SANDBOXING = NO;
				GENERATE_INFOPLIST_FILE = YES;
				INFOPLIST_KEY_CFBundleDisplayName = "白板混音测试";
				INFOPLIST_KEY_NSCameraUsageDescription = sdfsdf;
				INFOPLIST_KEY_NSMicrophoneUsageDescription = sdfsdf;
				INFOPLIST_KEY_UIApplicationSceneManifest_Generation = YES;
				INFOPLIST_KEY_UIApplicationSupportsIndirectInputEvents = YES;
				INFOPLIST_KEY_UILaunchScreen_Generation = YES;
				INFOPLIST_KEY_UISupportedInterfaceOrientations_iPad = "UIInterfaceOrientationPortrait UIInterfaceOrientationPortraitUpsideDown UIInterfaceOrientationLandscapeLeft UIInterfaceOrientationLandscapeRight";
				INFOPLIST_KEY_UISupportedInterfaceOrientations_iPhone = "UIInterfaceOrientationPortrait UIInterfaceOrientationLandscapeLeft UIInterfaceOrientationLandscapeRight";
				IPHONEOS_DEPLOYMENT_TARGET = 14.0;
				LD_RUNPATH_SEARCH_PATHS = (
					"$(inherited)",
					"@executable_path/Frameworks",
				);
				MARKETING_VERSION = 1.0;
				PRODUCT_BUNDLE_IDENTIFIER = "-.WhiteboardRTCDemo";
				PRODUCT_NAME = "$(TARGET_NAME)";
				SWIFT_EMIT_LOC_STRINGS = YES;
				SWIFT_VERSION = 5.0;
				TARGETED_DEVICE_FAMILY = "1,2";
			};
			name = Release;
		};
/* End XCBuildConfiguration section */

/* Begin XCConfigurationList section */
		8A5BA4E42B6C976700D531E9 /* Build configuration list for PBXProject "WhiteboardRTCDemo" */ = {
			isa = XCConfigurationList;
			buildConfigurations = (
				8A5BA4F52B6C976800D531E9 /* Debug */,
				8A5BA4F62B6C976800D531E9 /* Release */,
			);
			defaultConfigurationIsVisible = 0;
			defaultConfigurationName = Release;
		};
		8A5BA4F72B6C976800D531E9 /* Build configuration list for PBXNativeTarget "WhiteboardRTCDemo" */ = {
			isa = XCConfigurationList;
			buildConfigurations = (
				8A5BA4F82B6C976800D531E9 /* Debug */,
				8A5BA4F92B6C976800D531E9 /* Release */,
			);
			defaultConfigurationIsVisible = 0;
			defaultConfigurationName = Release;
		};
/* End XCConfigurationList section */
	};
	rootObject = 8A5BA4E12B6C976700D531E9 /* Project object */;
}
